
Microsoft Visual Studio Solution File, Format Version 12.00
# Visual Studio 15
VisualStudioVersion = 15.0.28307.779
MinimumVisualStudioVersion = 10.0.40219.1
Project("{FAE04EC0-301F-11D3-BF4B-00C04F79EFBC}") = "ExercicioFixacaoEntidades", "ExercicioFixacaoEntidades\ExercicioFixacaoEntidades.csproj", "{38EB4379-2125-412C-92A1-5D128FEEC5DD}"
EndProject
Global
	GlobalSection(SolutionConfigurationPlatforms) = preSolution
		Debug|Any CPU = Debug|Any CPU
		Release|Any CPU = Release|Any CPU
	EndGlobalSection
	GlobalSection(ProjectConfigurationPlatforms) = postSolution
		{38EB4379-2125-412C-92A1-5D128FEEC5DD}.Debug|Any CPU.ActiveCfg = Debug|Any CPU
		{38EB4379-2125-412C-92A1-5D128FEEC5DD}.Debug|Any CPU.Build.0 = Debug|Any CPU
		{38EB4379-2125-412C-92A1-5D128FEEC5DD}.Release|Any CPU.ActiveCfg = Release|Any CPU
		{38EB4379-2125-412C-92A1-5D128FEEC5DD}.Release|Any CPU.Build.0 = Release|Any CPU
	EndGlobalSection
	GlobalSection(SolutionProperties) = preSolution
		HideSolutionNode = FALSE
	EndGlobalSection
	GlobalSection(ExtensibilityGlobals) = postSolution
		SolutionGuid = {C38CC4D8-0905-4BAB-B1F4-7824E7B7EB14}
	EndGlobalSection
EndGlobal
